
Microsoft Visual Studio Solution File, Format Version 12.00
# Visual Studio 15
VisualStudioVersion = 15.0.28307.329
MinimumVisualStudioVersion = 10.0.40219.1
Project("{FAE04EC0-301F-11D3-BF4B-00C04F79EFBC}") = "NetworkConnectLib", "ServerConnectLib\NetworkConnectLib.csproj", "{DBA9DF70-EAA0-4948-9C38-43059ADE6556}"
EndProject
Project("{FAE04EC0-301F-11D3-BF4B-00C04F79EFBC}") = "TestServer", "TestServer\TestServer.csproj", "{8C70AF30-7E93-493F-93BA-7EF56607CAB8}"
EndProject
Project("{FAE04EC0-301F-11D3-BF4B-00C04F79EFBC}") = "TestClient", "TestClient\TestClient.csproj", "{68418F3D-2E61-4690-9D9E-BC1008F82F75}"
EndProject
Global
	GlobalSection(SolutionConfigurationPlatforms) = preSolution
		Debug|Any CPU = Debug|Any CPU
		Release|Any CPU = Release|Any CPU
	EndGlobalSection
	GlobalSection(ProjectConfigurationPlatforms) = postSolution
		{DBA9DF70-EAA0-4948-9C38-43059ADE6556}.Debug|Any CPU.ActiveCfg = Debug|Any CPU
		{DBA9DF70-EAA0-4948-9C38-43059ADE6556}.Debug|Any CPU.Build.0 = Debug|Any CPU
		{DBA9DF70-EAA0-4948-9C38-43059ADE6556}.Release|Any CPU.ActiveCfg = Release|Any CPU
		{DBA9DF70-EAA0-4948-9C38-43059ADE6556}.Release|Any CPU.Build.0 = Release|Any CPU
		{8C70AF30-7E93-493F-93BA-7EF56607CAB8}.Debug|Any CPU.ActiveCfg = Debug|Any CPU
		{8C70AF30-7E93-493F-93BA-7EF56607CAB8}.Debug|Any CPU.Build.0 = Debug|Any CPU
		{8C70AF30-7E93-493F-93BA-7EF56607CAB8}.Release|Any CPU.ActiveCfg = Release|Any CPU
		{8C70AF30-7E93-493F-93BA-7EF56607CAB8}.Release|Any CPU.Build.0 = Release|Any CPU
		{68418F3D-2E61-4690-9D9E-BC1008F82F75}.Debug|Any CPU.ActiveCfg = Debug|Any CPU
		{68418F3D-2E61-4690-9D9E-BC1008F82F75}.Debug|Any CPU.Build.0 = Debug|Any CPU
		{68418F3D-2E61-4690-9D9E-BC1008F82F75}.Release|Any CPU.ActiveCfg = Release|Any CPU
		{68418F3D-2E61-4690-9D9E-BC1008F82F75}.Release|Any CPU.Build.0 = Release|Any CPU
	EndGlobalSection
	GlobalSection(SolutionProperties) = preSolution
		HideSolutionNode = FALSE
	EndGlobalSection
	GlobalSection(ExtensibilityGlobals) = postSolution
		SolutionGuid = {1EC9C386-70BA-4480-A776-4D38F59BD597}
	EndGlobalSection
EndGlobal
